
Microsoft Visual Studio Solution File, Format Version 12.00
# Visual Studio 15
VisualStudioVersion = 15.0.27130.2027
MinimumVisualStudioVersion = 10.0.40219.1
Project("{FAE04EC0-301F-11D3-BF4B-00C04F79EFBC}") = "GigLab", "GitLab\GigLab.csproj", "{18402861-4DBF-49EB-9634-00A010D41ED4}"
EndProject
Project("{E53339B2-1760-4266-BCC7-CA923CBCF16C}") = "docker-compose", "docker-compose.dcproj", "{7A7E9269-FA82-445B-AF8D-F7EE66278670}"
EndProject
Global
	GlobalSection(SolutionConfigurationPlatforms) = preSolution
		Debug|Any CPU = Debug|Any CPU
		Release|Any CPU = Release|Any CPU
	EndGlobalSection
	GlobalSection(ProjectConfigurationPlatforms) = postSolution
		{18402861-4DBF-49EB-9634-00A010D41ED4}.Debug|Any CPU.ActiveCfg = Debug|Any CPU
		{18402861-4DBF-49EB-9634-00A010D41ED4}.Debug|Any CPU.Build.0 = Debug|Any CPU
		{18402861-4DBF-49EB-9634-00A010D41ED4}.Release|Any CPU.ActiveCfg = Release|Any CPU
		{18402861-4DBF-49EB-9634-00A010D41ED4}.Release|Any CPU.Build.0 = Release|Any CPU
		{7A7E9269-FA82-445B-AF8D-F7EE66278670}.Debug|Any CPU.ActiveCfg = Debug|Any CPU
		{7A7E9269-FA82-445B-AF8D-F7EE66278670}.Debug|Any CPU.Build.0 = Debug|Any CPU
		{7A7E9269-FA82-445B-AF8D-F7EE66278670}.Release|Any CPU.ActiveCfg = Release|Any CPU
		{7A7E9269-FA82-445B-AF8D-F7EE66278670}.Release|Any CPU.Build.0 = Release|Any CPU
	EndGlobalSection
	GlobalSection(SolutionProperties) = preSolution
		HideSolutionNode = FALSE
	EndGlobalSection
	GlobalSection(ExtensibilityGlobals) = postSolution
		SolutionGuid = {214AE836-0022-4B99-BBAC-80FD4ED891DB}
	EndGlobalSection
EndGlobal
